{
  "name": "clicker-bot-project",
  "version": "1.0.0",
  "lockfileVersion": 3,
  "requires": true,
  "packages": {
    "": {
      "name": "clicker-bot-project",
      "version": "1.0.0",
      "license": "ISC",
      "dependencies": {
        "nodemailer": "^6.9.5",
        "nodemailer-promise": "^2.0.0"
      },
      "devDependencies": {
        "@playwright/test": "^1.37.1"
      }
    },
    "node_modules/@playwright/test": {
      "version": "1.37.1",
      "resolved": "https://registry.npmjs.org/@playwright/test/-/test-1.37.1.tgz",
      "integrity": "sha512-bq9zTli3vWJo8S3LwB91U0qDNQDpEXnw7knhxLM0nwDvexQAwx9tO8iKDZSqqneVq+URd/WIoz+BALMqUTgdSg==",
      "dev": true,
      "dependencies": {
        "@types/node": "*",
        "playwright-core": "1.37.1"
      },
      "bin": {
        "playwright": "cli.js"
      },
      "engines": {
        "node": ">=16"
      },
      "optionalDependencies": {
        "fsevents": "2.3.2"
      }
    },
    "node_modules/@types/node": {
      "version": "20.6.0",
      "resolved": "https://registry.npmjs.org/@types/node/-/node-20.6.0.tgz",
      "integrity": "sha512-najjVq5KN2vsH2U/xyh2opaSEz6cZMR2SetLIlxlj08nOcmPOemJmUK2o4kUzfLqfrWE0PIrNeE16XhYDd3nqg==",
      "dev": true
    },
    "node_modules/fsevents": {
      "version": "2.3.2",
      "resolved": "https://registry.npmjs.org/fsevents/-/fsevents-2.3.2.tgz",
      "integrity": "sha512-xiqMQR4xAeHTuB9uWm+fFRcIOgKBMiOBP+eXiyT7jsgVCq1bkVygt00oASowB7EdtpOHaaPgKt812P9ab+DDKA==",
      "dev": true,
      "hasInstallScript": true,
      "optional": true,
      "os": [
        "darwin"
      ],
      "engines": {
        "node": "^8.16.0 || ^10.6.0 || >=11.0.0"
      }
    },
    "node_modules/nodemailer": {
      "version": "6.9.5",
      "resolved": "https://registry.npmjs.org/nodemailer/-/nodemailer-6.9.5.tgz",
      "integrity": "sha512-/dmdWo62XjumuLc5+AYQZeiRj+PRR8y8qKtFCOyuOl1k/hckZd8durUUHs/ucKx6/8kN+wFxqKJlQ/LK/qR5FA==",
      "engines": {
        "node": ">=6.0.0"
      }
    },
    "node_modules/nodemailer-promise": {
      "version": "2.0.0",
      "resolved": "https://registry.npmjs.org/nodemailer-promise/-/nodemailer-promise-2.0.0.tgz",
      "integrity": "sha512-PAAOJ+4JYONhOR3G0vx7cwraQZICuR42XkbJNJ6Qc7C2txbjwb+j5Z14ae7ldZZyhsIZ9/OaqbE/eZ3+rtyEEQ==",
      "dependencies": {
        "nodemailer": "^4.0.1"
      }
    },
    "node_modules/nodemailer-promise/node_modules/nodemailer": {
      "version": "4.7.0",
      "resolved": "https://registry.npmjs.org/nodemailer/-/nodemailer-4.7.0.tgz",
      "integrity": "sha512-IludxDypFpYw4xpzKdMAozBSkzKHmNBvGanUREjJItgJ2NYcK/s8+PggVhj7c2yGFQykKsnnmv1+Aqo0ZfjHmw==",
      "engines": {
        "node": ">=6.0.0"
      }
    },
    "node_modules/playwright-core": {
      "version": "1.37.1",
      "resolved": "https://registry.npmjs.org/playwright-core/-/playwright-core-1.37.1.tgz",
      "integrity": "sha512-17EuQxlSIYCmEMwzMqusJ2ztDgJePjrbttaefgdsiqeLWidjYz9BxXaTaZWxH1J95SHGk6tjE+dwgWILJoUZfA==",
      "dev": true,
      "bin": {
        "playwright-core": "cli.js"
      },
      "engines": {
        "node": ">=16"
      }
    }
  }
}
